
Microsoft Visual Studio Solution File, Format Version 12.00
# Visual Studio Version 17
VisualStudioVersion = 17.13.35825.156
MinimumVisualStudioVersion = 10.0.40219.1
Project("{FAE04EC0-301F-11D3-BF4B-00C04F79EFBC}") = "zadanie 1", "zadanie 1\zadanie 1.csproj", "{76F3029E-CBDE-40FA-ACAF-D4992AC79361}"
EndProject
Global
	GlobalSection(SolutionConfigurationPlatforms) = preSolution
		Debug|Any CPU = Debug|Any CPU
		Release|Any CPU = Release|Any CPU
	EndGlobalSection
	GlobalSection(ProjectConfigurationPlatforms) = postSolution
		{76F3029E-CBDE-40FA-ACAF-D4992AC79361}.Debug|Any CPU.ActiveCfg = Debug|Any CPU
		{76F3029E-CBDE-40FA-ACAF-D4992AC79361}.Debug|Any CPU.Build.0 = Debug|Any CPU
		{76F3029E-CBDE-40FA-ACAF-D4992AC79361}.Release|Any CPU.ActiveCfg = Release|Any CPU
		{76F3029E-CBDE-40FA-ACAF-D4992AC79361}.Release|Any CPU.Build.0 = Release|Any CPU
	EndGlobalSection
	GlobalSection(SolutionProperties) = preSolution
		HideSolutionNode = FALSE
	EndGlobalSection
	GlobalSection(ExtensibilityGlobals) = postSolution
		SolutionGuid = {4D869E24-4DC9-47BD-9437-97203FD98CD1}
	EndGlobalSection
EndGlobal
